
Microsoft Visual Studio Solution File, Format Version 12.00
# Visual Studio 15
VisualStudioVersion = 15.0.26403.7
MinimumVisualStudioVersion = 10.0.40219.1
Project("{FAE04EC0-301F-11D3-BF4B-00C04F79EFBC}") = "BankingApp", "BankingApp\BankingApp.csproj", "{947C1312-8F3F-4BCB-B667-E8F21C7874CD}"
EndProject
Project("{FAE04EC0-301F-11D3-BF4B-00C04F79EFBC}") = "BankingAppTest", "BankingAppTest\BankingAppTest.csproj", "{3C79E675-AFAC-4AED-8C2D-A565EF112F27}"
EndProject
Global
	GlobalSection(SolutionConfigurationPlatforms) = preSolution
		Debug|Any CPU = Debug|Any CPU
		Release|Any CPU = Release|Any CPU
	EndGlobalSection
	GlobalSection(ProjectConfigurationPlatforms) = postSolution
		{947C1312-8F3F-4BCB-B667-E8F21C7874CD}.Debug|Any CPU.ActiveCfg = Debug|Any CPU
		{947C1312-8F3F-4BCB-B667-E8F21C7874CD}.Debug|Any CPU.Build.0 = Debug|Any CPU
		{947C1312-8F3F-4BCB-B667-E8F21C7874CD}.Release|Any CPU.ActiveCfg = Release|Any CPU
		{947C1312-8F3F-4BCB-B667-E8F21C7874CD}.Release|Any CPU.Build.0 = Release|Any CPU
		{3C79E675-AFAC-4AED-8C2D-A565EF112F27}.Debug|Any CPU.ActiveCfg = Debug|Any CPU
		{3C79E675-AFAC-4AED-8C2D-A565EF112F27}.Debug|Any CPU.Build.0 = Debug|Any CPU
		{3C79E675-AFAC-4AED-8C2D-A565EF112F27}.Release|Any CPU.ActiveCfg = Release|Any CPU
		{3C79E675-AFAC-4AED-8C2D-A565EF112F27}.Release|Any CPU.Build.0 = Release|Any CPU
	EndGlobalSection
	GlobalSection(SolutionProperties) = preSolution
		HideSolutionNode = FALSE
	EndGlobalSection
EndGlobal
